
Microsoft Visual Studio Solution File, Format Version 12.00
# Visual Studio Version 17
VisualStudioVersion = 17.14.36623.8 d17.14
MinimumVisualStudioVersion = 10.0.40219.1
Project("{FAE04EC0-301F-11D3-BF4B-00C04F79EFBC}") = "VAUtilitiesKeyVault", "VAUtilitiesKeyVault\VAUtilitiesKeyVault.csproj", "{2068B356-B4DF-4C63-A6BF-053F2051264E}"
EndProject
Project("{FAE04EC0-301F-11D3-BF4B-00C04F79EFBC}") = "VAKeyVault.WinForms.Test", "VAKeyVault.WinForms.Test\VAKeyVault.WinForms.Test.csproj", "{87984FED-B265-452C-9E38-89003299E287}"
EndProject
Global
	GlobalSection(SolutionConfigurationPlatforms) = preSolution
		Debug|Any CPU = Debug|Any CPU
		Release|Any CPU = Release|Any CPU
	EndGlobalSection
	GlobalSection(ProjectConfigurationPlatforms) = postSolution
		{2068B356-B4DF-4C63-A6BF-053F2051264E}.Debug|Any CPU.ActiveCfg = Debug|Any CPU
		{2068B356-B4DF-4C63-A6BF-053F2051264E}.Debug|Any CPU.Build.0 = Debug|Any CPU
		{2068B356-B4DF-4C63-A6BF-053F2051264E}.Release|Any CPU.ActiveCfg = Release|Any CPU
		{2068B356-B4DF-4C63-A6BF-053F2051264E}.Release|Any CPU.Build.0 = Release|Any CPU
		{87984FED-B265-452C-9E38-89003299E287}.Debug|Any CPU.ActiveCfg = Debug|Any CPU
		{87984FED-B265-452C-9E38-89003299E287}.Debug|Any CPU.Build.0 = Debug|Any CPU
		{87984FED-B265-452C-9E38-89003299E287}.Release|Any CPU.ActiveCfg = Release|Any CPU
		{87984FED-B265-452C-9E38-89003299E287}.Release|Any CPU.Build.0 = Release|Any CPU
	EndGlobalSection
	GlobalSection(SolutionProperties) = preSolution
		HideSolutionNode = FALSE
	EndGlobalSection
	GlobalSection(ExtensibilityGlobals) = postSolution
		SolutionGuid = {B4691F55-E3E2-41C5-BC7E-4326A4580C7E}
	EndGlobalSection
EndGlobal
